
Microsoft Visual Studio Solution File, Format Version 12.00
# Visual Studio 15
VisualStudioVersion = 15.0.26124.0
MinimumVisualStudioVersion = 15.0.26124.0
Project("{FAE04EC0-301F-11D3-BF4B-00C04F79EFBC}") = "Cycle.Net.Run", "Cycle.Net.Run\Cycle.Net.Run.csproj", "{A7741725-7456-47BA-91A7-FEBDC83D6970}"
EndProject
Project("{FAE04EC0-301F-11D3-BF4B-00C04F79EFBC}") = "Cycle.Net.Sample", "Cycle.Net.Sample\Cycle.Net.Sample.csproj", "{480E922A-1FB7-4CA5-B348-2F588B47B514}"
EndProject
Project("{FAE04EC0-301F-11D3-BF4B-00C04F79EFBC}") = "Cycle.Net.Http", "Cycle.Net.Http\Cycle.Net.Http.csproj", "{C95E5EAB-977C-4F3F-86CB-53A74EC5B421}"
EndProject
Project("{FAE04EC0-301F-11D3-BF4B-00C04F79EFBC}") = "Cycle.Net.Core", "Cycle.Net.Core\Cycle.Net.Core.csproj", "{C0351EB8-E164-442D-9078-A456C323C6A0}"
EndProject
Project("{FAE04EC0-301F-11D3-BF4B-00C04F79EFBC}") = "Cycle.Net.Tcp", "Cycle.Net.Tcp\Cycle.Net.Tcp.csproj", "{38C20604-9251-43E7-AA1C-FDF134B43273}"
EndProject
Project("{FAE04EC0-301F-11D3-BF4B-00C04F79EFBC}") = "Cycle.Net.Log", "Cycle.Net.Log\Cycle.Net.Log.csproj", "{60380651-9174-4040-A078-21F71E6159E1}"
EndProject
Global
	GlobalSection(SolutionConfigurationPlatforms) = preSolution
		Debug|Any CPU = Debug|Any CPU
		Debug|x64 = Debug|x64
		Debug|x86 = Debug|x86
		Release|Any CPU = Release|Any CPU
		Release|x64 = Release|x64
		Release|x86 = Release|x86
	EndGlobalSection
	GlobalSection(SolutionProperties) = preSolution
		HideSolutionNode = FALSE
	EndGlobalSection
	GlobalSection(ProjectConfigurationPlatforms) = postSolution
		{A7741725-7456-47BA-91A7-FEBDC83D6970}.Debug|Any CPU.ActiveCfg = Debug|Any CPU
		{A7741725-7456-47BA-91A7-FEBDC83D6970}.Debug|Any CPU.Build.0 = Debug|Any CPU
		{A7741725-7456-47BA-91A7-FEBDC83D6970}.Debug|x64.ActiveCfg = Debug|x64
		{A7741725-7456-47BA-91A7-FEBDC83D6970}.Debug|x64.Build.0 = Debug|x64
		{A7741725-7456-47BA-91A7-FEBDC83D6970}.Debug|x86.ActiveCfg = Debug|x86
		{A7741725-7456-47BA-91A7-FEBDC83D6970}.Debug|x86.Build.0 = Debug|x86
		{A7741725-7456-47BA-91A7-FEBDC83D6970}.Release|Any CPU.ActiveCfg = Release|Any CPU
		{A7741725-7456-47BA-91A7-FEBDC83D6970}.Release|Any CPU.Build.0 = Release|Any CPU
		{A7741725-7456-47BA-91A7-FEBDC83D6970}.Release|x64.ActiveCfg = Release|x64
		{A7741725-7456-47BA-91A7-FEBDC83D6970}.Release|x64.Build.0 = Release|x64
		{A7741725-7456-47BA-91A7-FEBDC83D6970}.Release|x86.ActiveCfg = Release|x86
		{A7741725-7456-47BA-91A7-FEBDC83D6970}.Release|x86.Build.0 = Release|x86
		{480E922A-1FB7-4CA5-B348-2F588B47B514}.Debug|Any CPU.ActiveCfg = Debug|Any CPU
		{480E922A-1FB7-4CA5-B348-2F588B47B514}.Debug|Any CPU.Build.0 = Debug|Any CPU
		{480E922A-1FB7-4CA5-B348-2F588B47B514}.Debug|x64.ActiveCfg = Debug|x64
		{480E922A-1FB7-4CA5-B348-2F588B47B514}.Debug|x64.Build.0 = Debug|x64
		{480E922A-1FB7-4CA5-B348-2F588B47B514}.Debug|x86.ActiveCfg = Debug|x86
		{480E922A-1FB7-4CA5-B348-2F588B47B514}.Debug|x86.Build.0 = Debug|x86
		{480E922A-1FB7-4CA5-B348-2F588B47B514}.Release|Any CPU.ActiveCfg = Release|Any CPU
		{480E922A-1FB7-4CA5-B348-2F588B47B514}.Release|Any CPU.Build.0 = Release|Any CPU
		{480E922A-1FB7-4CA5-B348-2F588B47B514}.Release|x64.ActiveCfg = Release|x64
		{480E922A-1FB7-4CA5-B348-2F588B47B514}.Release|x64.Build.0 = Release|x64
		{480E922A-1FB7-4CA5-B348-2F588B47B514}.Release|x86.ActiveCfg = Release|x86
		{480E922A-1FB7-4CA5-B348-2F588B47B514}.Release|x86.Build.0 = Release|x86
		{C95E5EAB-977C-4F3F-86CB-53A74EC5B421}.Debug|Any CPU.ActiveCfg = Debug|Any CPU
		{C95E5EAB-977C-4F3F-86CB-53A74EC5B421}.Debug|Any CPU.Build.0 = Debug|Any CPU
		{C95E5EAB-977C-4F3F-86CB-53A74EC5B421}.Debug|x64.ActiveCfg = Debug|x64
		{C95E5EAB-977C-4F3F-86CB-53A74EC5B421}.Debug|x64.Build.0 = Debug|x64
		{C95E5EAB-977C-4F3F-86CB-53A74EC5B421}.Debug|x86.ActiveCfg = Debug|x86
		{C95E5EAB-977C-4F3F-86CB-53A74EC5B421}.Debug|x86.Build.0 = Debug|x86
		{C95E5EAB-977C-4F3F-86CB-53A74EC5B421}.Release|Any CPU.ActiveCfg = Release|Any CPU
		{C95E5EAB-977C-4F3F-86CB-53A74EC5B421}.Release|Any CPU.Build.0 = Release|Any CPU
		{C95E5EAB-977C-4F3F-86CB-53A74EC5B421}.Release|x64.ActiveCfg = Release|x64
		{C95E5EAB-977C-4F3F-86CB-53A74EC5B421}.Release|x64.Build.0 = Release|x64
		{C95E5EAB-977C-4F3F-86CB-53A74EC5B421}.Release|x86.ActiveCfg = Release|x86
		{C95E5EAB-977C-4F3F-86CB-53A74EC5B421}.Release|x86.Build.0 = Release|x86
		{C0351EB8-E164-442D-9078-A456C323C6A0}.Debug|Any CPU.ActiveCfg = Debug|Any CPU
		{C0351EB8-E164-442D-9078-A456C323C6A0}.Debug|Any CPU.Build.0 = Debug|Any CPU
		{C0351EB8-E164-442D-9078-A456C323C6A0}.Debug|x64.ActiveCfg = Debug|x64
		{C0351EB8-E164-442D-9078-A456C323C6A0}.Debug|x64.Build.0 = Debug|x64
		{C0351EB8-E164-442D-9078-A456C323C6A0}.Debug|x86.ActiveCfg = Debug|x86
		{C0351EB8-E164-442D-9078-A456C323C6A0}.Debug|x86.Build.0 = Debug|x86
		{C0351EB8-E164-442D-9078-A456C323C6A0}.Release|Any CPU.ActiveCfg = Release|Any CPU
		{C0351EB8-E164-442D-9078-A456C323C6A0}.Release|Any CPU.Build.0 = Release|Any CPU
		{C0351EB8-E164-442D-9078-A456C323C6A0}.Release|x64.ActiveCfg = Release|x64
		{C0351EB8-E164-442D-9078-A456C323C6A0}.Release|x64.Build.0 = Release|x64
		{C0351EB8-E164-442D-9078-A456C323C6A0}.Release|x86.ActiveCfg = Release|x86
		{C0351EB8-E164-442D-9078-A456C323C6A0}.Release|x86.Build.0 = Release|x86
		{38C20604-9251-43E7-AA1C-FDF134B43273}.Debug|Any CPU.ActiveCfg = Debug|Any CPU
		{38C20604-9251-43E7-AA1C-FDF134B43273}.Debug|Any CPU.Build.0 = Debug|Any CPU
		{38C20604-9251-43E7-AA1C-FDF134B43273}.Debug|x64.ActiveCfg = Debug|x64
		{38C20604-9251-43E7-AA1C-FDF134B43273}.Debug|x64.Build.0 = Debug|x64
		{38C20604-9251-43E7-AA1C-FDF134B43273}.Debug|x86.ActiveCfg = Debug|x86
		{38C20604-9251-43E7-AA1C-FDF134B43273}.Debug|x86.Build.0 = Debug|x86
		{38C20604-9251-43E7-AA1C-FDF134B43273}.Release|Any CPU.ActiveCfg = Release|Any CPU
		{38C20604-9251-43E7-AA1C-FDF134B43273}.Release|Any CPU.Build.0 = Release|Any CPU
		{38C20604-9251-43E7-AA1C-FDF134B43273}.Release|x64.ActiveCfg = Release|x64
		{38C20604-9251-43E7-AA1C-FDF134B43273}.Release|x64.Build.0 = Release|x64
		{38C20604-9251-43E7-AA1C-FDF134B43273}.Release|x86.ActiveCfg = Release|x86
		{38C20604-9251-43E7-AA1C-FDF134B43273}.Release|x86.Build.0 = Release|x86
		{60380651-9174-4040-A078-21F71E6159E1}.Debug|Any CPU.ActiveCfg = Debug|Any CPU
		{60380651-9174-4040-A078-21F71E6159E1}.Debug|Any CPU.Build.0 = Debug|Any CPU
		{60380651-9174-4040-A078-21F71E6159E1}.Debug|x64.ActiveCfg = Debug|x64
		{60380651-9174-4040-A078-21F71E6159E1}.Debug|x64.Build.0 = Debug|x64
		{60380651-9174-4040-A078-21F71E6159E1}.Debug|x86.ActiveCfg = Debug|x86
		{60380651-9174-4040-A078-21F71E6159E1}.Debug|x86.Build.0 = Debug|x86
		{60380651-9174-4040-A078-21F71E6159E1}.Release|Any CPU.ActiveCfg = Release|Any CPU
		{60380651-9174-4040-A078-21F71E6159E1}.Release|Any CPU.Build.0 = Release|Any CPU
		{60380651-9174-4040-A078-21F71E6159E1}.Release|x64.ActiveCfg = Release|x64
		{60380651-9174-4040-A078-21F71E6159E1}.Release|x64.Build.0 = Release|x64
		{60380651-9174-4040-A078-21F71E6159E1}.Release|x86.ActiveCfg = Release|x86
		{60380651-9174-4040-A078-21F71E6159E1}.Release|x86.Build.0 = Release|x86
	EndGlobalSection
EndGlobal
